// !$*UTF8*$!
{
	archiveVersion = 1;
	classes = {
	};
	objectVersion = 50;
	objects = {

/* Begin PBXBuildFile section */
		7096CA7C26E6D44400F8D720 /* AppDelegate.swift in Sources */ = {isa = PBXBuildFile; fileRef = 7096CA7B26E6D44400F8D720 /* AppDelegate.swift */; };
		7096CA7E26E6D44400F8D720 /* SceneDelegate.swift in Sources */ = {isa = PBXBuildFile; fileRef = 7096CA7D26E6D44400F8D720 /* SceneDelegate.swift */; };
		7096CA8026E6D44400F8D720 /* ViewController.swift in Sources */ = {isa = PBXBuildFile; fileRef = 7096CA7F26E6D44400F8D720 /* ViewController.swift */; };
		7096CA8326E6D44400F8D720 /* Main.storyboard in Resources */ = {isa = PBXBuildFile; fileRef = 7096CA8126E6D44400F8D720 /* Main.storyboard */; };
		7096CA8526E6D44500F8D720 /* Assets.xcassets in Resources */ = {isa = PBXBuildFile; fileRef = 7096CA8426E6D44500F8D720 /* Assets.xcassets */; };
		7096CA8826E6D44500F8D720 /* LaunchScreen.storyboard in Resources */ = {isa = PBXBuildFile; fileRef = 7096CA8626E6D44500F8D720 /* LaunchScreen.storyboard */; };
		7096CA9326E6D44500F8D720 /* FlixTests.swift in Sources */ = {isa = PBXBuildFile; fileRef = 7096CA9226E6D44500F8D720 /* FlixTests.swift */; };
		7096CA9E26E6D44500F8D720 /* FlixUITests.swift in Sources */ = {isa = PBXBuildFile; fileRef = 7096CA9D26E6D44500F8D720 /* FlixUITests.swift */; };
/* End PBXBuildFile section */

/* Begin PBXContainerItemProxy section */
		7096CA8F26E6D44500F8D720 /* PBXContainerItemProxy */ = {
			isa = PBXContainerItemProxy;
			containerPortal = 7096CA7026E6D44400F8D720 /* Project object */;
			proxyType = 1;
			remoteGlobalIDString = 7096CA7726E6D44400F8D720;
			remoteInfo = Flix;
		};
		7096CA9A26E6D44500F8D720 /* PBXContainerItemProxy */ = {
			isa = PBXContainerItemProxy;
			containerPortal = 7096CA7026E6D44400F8D720 /* Project object */;
			proxyType = 1;
			remoteGlobalIDString = 7096CA7726E6D44400F8D720;
			remoteInfo = Flix;
		};
/* End PBXContainerItemProxy section */

/* Begin PBXFileReference section */
		7096CA7826E6D44400F8D720 /* Flix.app */ = {isa = PBXFileReference; explicitFileType = wrapper.application; includeInIndex = 0; path = Flix.app; sourceTree = BUILT_PRODUCTS_DIR; };
		7096CA7B26E6D44400F8D720 /* AppDelegate.swift */ = {isa = PBXFileReference; lastKnownFileType = sourcecode.swift; path = AppDelegate.swift; sourceTree = "<group>"; };
		7096CA7D26E6D44400F8D720 /* SceneDelegate.swift */ = {isa = PBXFileReference; lastKnownFileType = sourcecode.swift; path = SceneDelegate.swift; sourceTree = "<group>"; };
		7096CA7F26E6D44400F8D720 /* ViewController.swift */ = {isa = PBXFileReference; lastKnownFileType = sourcecode.swift; path = ViewController.swift; sourceTree = "<group>"; };
		7096CA8226E6D44400F8D720 /* Base */ = {isa = PBXFileReference; lastKnownFileType = file.storyboard; name = Base; path = Base.lproj/Main.storyboard; sourceTree = "<group>"; };
		7096CA8426E6D44500F8D720 /* Assets.xcassets */ = {isa = PBXFileReference; lastKnownFileType = folder.assetcatalog; path = Assets.xcassets; sourceTree = "<group>"; };
		7096CA8726E6D44500F8D720 /* Base */ = {isa = PBXFileReference; lastKnownFileType = file.storyboard; name = Base; path = Base.lproj/LaunchScreen.storyboard; sourceTree = "<group>"; };
		7096CA8926E6D44500F8D720 /* Info.plist */ = {isa = PBXFileReference; lastKnownFileType = text.plist.xml; path = Info.plist; sourceTree = "<group>"; };
		7096CA8E26E6D44500F8D720 /* FlixTests.xctest */ = {isa = PBXFileReference; explicitFileType = wrapper.cfbundle; includeInIndex = 0; path = FlixTests.xctest; sourceTree = BUILT_PRODUCTS_DIR; };
		7096CA9226E6D44500F8D720 /* FlixTests.swift */ = {isa = PBXFileReference; lastKnownFileType = sourcecode.swift; path = FlixTests.swift; sourceTree = "<group>"; };
		7096CA9426E6D44500F8D720 /* Info.plist */ = {isa = PBXFileReference; lastKnownFileType = text.plist.xml; path = Info.plist; sourceTree = "<group>"; };
		7096CA9926E6D44500F8D720 /* FlixUITests.xctest */ = {isa = PBXFileReference; explicitFileType = wrapper.cfbundle; includeInIndex = 0; path = FlixUITests.xctest; sourceTree = BUILT_PRODUCTS_DIR; };
		7096CA9D26E6D44500F8D720 /* FlixUITests.swift */ = {isa = PBXFileReference; lastKnownFileType = sourcecode.swift; path = FlixUITests.swift; sourceTree = "<group>"; };
		7096CA9F26E6D44500F8D720 /* Info.plist */ = {isa = PBXFileReference; lastKnownFileType = text.plist.xml; path = Info.plist; sourceTree = "<group>"; };
/* End PBXFileReference section */

/* Begin PBXFrameworksBuildPhase section */
		7096CA7526E6D44400F8D720 /* Frameworks */ = {
			isa = PBXFrameworksBuildPhase;
			buildActionMask = 2147483647;
			files = (
			);
			runOnlyForDeploymentPostprocessing = 0;
		};
		7096CA8B26E6D44500F8D720 /* Frameworks */ = {
			isa = PBXFrameworksBuildPhase;
			buildActionMask = 2147483647;
			files = (
			);
			runOnlyForDeploymentPostprocessing = 0;
		};
		7096CA9626E6D44500F8D720 /* Frameworks */ = {
			isa = PBXFrameworksBuildPhase;
			buildActionMask = 2147483647;
			files = (
			);
			runOnlyForDeploymentPostprocessing = 0;
		};
/* End PBXFrameworksBuildPhase section */

/* Begin PBXGroup section */
		7096CA6F26E6D44400F8D720 = {
			isa = PBXGroup;
			children = (
				7096CA7A26E6D44400F8D720 /* Flix */,
				7096CA9126E6D44500F8D720 /* FlixTests */,
				7096CA9C26E6D44500F8D720 /* FlixUITests */,
				7096CA7926E6D44400F8D720 /* Products */,
			);
			sourceTree = "<group>";
		};
		7096CA7926E6D44400F8D720 /* Products */ = {
			isa = PBXGroup;
			children = (
				7096CA7826E6D44400F8D720 /* Flix.app */,
				7096CA8E26E6D44500F8D720 /* FlixTests.xctest */,
				7096CA9926E6D44500F8D720 /* FlixUITests.xctest */,
			);
			name = Products;
			sourceTree = "<group>";
		};
		7096CA7A26E6D44400F8D720 /* Flix */ = {
			isa = PBXGroup;
			children = (
				7096CA7B26E6D44400F8D720 /* AppDelegate.swift */,
				7096CA7D26E6D44400F8D720 /* SceneDelegate.swift */,
				7096CA7F26E6D44400F8D720 /* ViewController.swift */,
				7096CA8126E6D44400F8D720 /* Main.storyboard */,
				7096CA8426E6D44500F8D720 /* Assets.xcassets */,
				7096CA8626E6D44500F8D720 /* LaunchScreen.storyboard */,
				7096CA8926E6D44500F8D720 /* Info.plist */,
			);
			path = Flix;
			sourceTree = "<group>";
		};
		7096CA9126E6D44500F8D720 /* FlixTests */ = {
			isa = PBXGroup;
			children = (
				7096CA9226E6D44500F8D720 /* FlixTests.swift */,
				7096CA9426E6D44500F8D720 /* Info.plist */,
			);
			path = FlixTests;
			sourceTree = "<group>";
		};
		7096CA9C26E6D44500F8D720 /* FlixUITests */ = {
			isa = PBXGroup;
			children = (
				7096CA9D26E6D44500F8D720 /* FlixUITests.swift */,
				7096CA9F26E6D44500F8D720 /* Info.plist */,
			);
			path = FlixUITests;
			sourceTree = "<group>";
		};
/* End PBXGroup section */

/* Begin PBXNativeTarget section */
		7096CA7726E6D44400F8D720 /* Flix */ = {
			isa = PBXNativeTarget;
			buildConfigurationList = 7096CAA226E6D44500F8D720 /* Build configuration list for PBXNativeTarget "Flix" */;
			buildPhases = (
				7096CA7426E6D44400F8D720 /* Sources */,
				7096CA7526E6D44400F8D720 /* Frameworks */,
				7096CA7626E6D44400F8D720 /* Resources */,
			);
			buildRules = (
			);
			dependencies = (
			);
			name = Flix;
			productName = Flix;
			productReference = 7096CA7826E6D44400F8D720 /* Flix.app */;
			productType = "com.apple.product-type.application";
		};
		7096CA8D26E6D44500F8D720 /* FlixTests */ = {
			isa = PBXNativeTarget;
			buildConfigurationList = 7096CAA526E6D44500F8D720 /* Build configuration list for PBXNativeTarget "FlixTests" */;
			buildPhases = (
				7096CA8A26E6D44500F8D720 /* Sources */,
				7096CA8B26E6D44500F8D720 /* Frameworks */,
				7096CA8C26E6D44500F8D720 /* Resources */,
			);
			buildRules = (
			);
			dependencies = (
				7096CA9026E6D44500F8D720 /* PBXTargetDependency */,
			);
			name = FlixTests;
			productName = FlixTests;
			productReference = 7096CA8E26E6D44500F8D720 /* FlixTests.xctest */;
			productType = "com.apple.product-type.bundle.unit-test";
		};
		7096CA9826E6D44500F8D720 /* FlixUITests */ = {
			isa = PBXNativeTarget;
			buildConfigurationList = 7096CAA826E6D44500F8D720 /* Build configuration list for PBXNativeTarget "FlixUITests" */;
			buildPhases = (
				7096CA9526E6D44500F8D720 /* Sources */,
				7096CA9626E6D44500F8D720 /* Frameworks */,
				7096CA9726E6D44500F8D720 /* Resources */,
			);
			buildRules = (
			);
			dependencies = (
				7096CA9B26E6D44500F8D720 /* PBXTargetDependency */,
			);
			name = FlixUITests;
			productName = FlixUITests;
			productReference = 7096CA9926E6D44500F8D720 /* FlixUITests.xctest */;
			productType = "com.apple.product-type.bundle.ui-testing";
		};
/* End PBXNativeTarget section */

/* Begin PBXProject section */
		7096CA7026E6D44400F8D720 /* Project object */ = {
			isa = PBXProject;
			attributes = {
				LastSwiftUpdateCheck = 1250;
				LastUpgradeCheck = 1250;
				TargetAttributes = {
					7096CA7726E6D44400F8D720 = {
						CreatedOnToolsVersion = 12.5.1;
					};
					7096CA8D26E6D44500F8D720 = {
						CreatedOnToolsVersion = 12.5.1;
						TestTargetID = 7096CA7726E6D44400F8D720;
					};
					7096CA9826E6D44500F8D720 = {
						CreatedOnToolsVersion = 12.5.1;
						TestTargetID = 7096CA7726E6D44400F8D720;
					};
				};
			};
			buildConfigurationList = 7096CA7326E6D44400F8D720 /* Build configuration list for PBXProject "Flix" */;
			compatibilityVersion = "Xcode 9.3";
			developmentRegion = en;
			hasScannedForEncodings = 0;
			knownRegions = (
				en,
				Base,
			);
			mainGroup = 7096CA6F26E6D44400F8D720;
			productRefGroup = 7096CA7926E6D44400F8D720 /* Products */;
			projectDirPath = "";
			projectRoot = "";
			targets = (
				7096CA7726E6D44400F8D720 /* Flix */,
				7096CA8D26E6D44500F8D720 /* FlixTests */,
				7096CA9826E6D44500F8D720 /* FlixUITests */,
			);
		};
/* End PBXProject section */

/* Begin PBXResourcesBuildPhase section */
		7096CA7626E6D44400F8D720 /* Resources */ = {
			isa = PBXResourcesBuildPhase;
			buildActionMask = 2147483647;
			files = (
				7096CA8826E6D44500F8D720 /* LaunchScreen.storyboard in Resources */,
				7096CA8526E6D44500F8D720 /* Assets.xcassets in Resources */,
				7096CA8326E6D44400F8D720 /* Main.storyboard in Resources */,
			);
			runOnlyForDeploymentPostprocessing = 0;
		};
		7096CA8C26E6D44500F8D720 /* Resources */ = {
			isa = PBXResourcesBuildPhase;
			buildActionMask = 2147483647;
			files = (
			);
			runOnlyForDeploymentPostprocessing = 0;
		};
		7096CA9726E6D44500F8D720 /* Resources */ = {
			isa = PBXResourcesBuildPhase;
			buildActionMask = 2147483647;
			files = (
			);
			runOnlyForDeploymentPostprocessing = 0;
		};
/* End PBXResourcesBuildPhase section */

/* Begin PBXSourcesBuildPhase section */
		7096CA7426E6D44400F8D720 /* Sources */ = {
			isa = PBXSourcesBuildPhase;
			buildActionMask = 2147483647;
			files = (
				7096CA8026E6D44400F8D720 /* ViewController.swift in Sources */,
				7096CA7C26E6D44400F8D720 /* AppDelegate.swift in Sources */,
				7096CA7E26E6D44400F8D720 /* SceneDelegate.swift in Sources */,
			);
			runOnlyForDeploymentPostprocessing = 0;
		};
		7096CA8A26E6D44500F8D720 /* Sources */ = {
			isa = PBXSourcesBuildPhase;
			buildActionMask = 2147483647;
			files = (
				7096CA9326E6D44500F8D720 /* FlixTests.swift in Sources */,
			);
			runOnlyForDeploymentPostprocessing = 0;
		};
		7096CA9526E6D44500F8D720 /* Sources */ = {
			isa = PBXSourcesBuildPhase;
			buildActionMask = 2147483647;
			files = (
				7096CA9E26E6D44500F8D720 /* FlixUITests.swift in Sources */,
			);
			runOnlyForDeploymentPostprocessing = 0;
		};
/* End PBXSourcesBuildPhase section */

/* Begin PBXTargetDependency section */
		7096CA9026E6D44500F8D720 /* PBXTargetDependency */ = {
			isa = PBXTargetDependency;
			target = 7096CA7726E6D44400F8D720 /* Flix */;
			targetProxy = 7096CA8F26E6D44500F8D720 /* PBXContainerItemProxy */;
		};
		7096CA9B26E6D44500F8D720 /* PBXTargetDependency */ = {
			isa = PBXTargetDependency;
			target = 7096CA7726E6D44400F8D720 /* Flix */;
			targetProxy = 7096CA9A26E6D44500F8D720 /* PBXContainerItemProxy */;
		};
/* End PBXTargetDependency section */

/* Begin PBXVariantGroup section */
		7096CA8126E6D44400F8D720 /* Main.storyboard */ = {
			isa = PBXVariantGroup;
			children = (
				7096CA8226E6D44400F8D720 /* Base */,
			);
			name = Main.storyboard;
			sourceTree = "<group>";
		};
		7096CA8626E6D44500F8D720 /* LaunchScreen.storyboard */ = {
			isa = PBXVariantGroup;
			children = (
				7096CA8726E6D44500F8D720 /* Base */,
			);
			name = LaunchScreen.storyboard;
			sourceTree = "<group>";
		};
/* End PBXVariantGroup section */

/* Begin XCBuildConfiguration section */
		7096CAA026E6D44500F8D720 /* Debug */ = {
			isa = XCBuildConfiguration;
			buildSettings = {
				ALWAYS_SEARCH_USER_PATHS = NO;
				CLANG_ANALYZER_NONNULL = YES;
				CLANG_ANALYZER_NUMBER_OBJECT_CONVERSION = YES_AGGRESSIVE;
				CLANG_CXX_LANGUAGE_STANDARD = "gnu++14";
				CLANG_CXX_LIBRARY = "libc++";
				CLANG_ENABLE_MODULES = YES;
				CLANG_ENABLE_OBJC_ARC = YES;
				CLANG_ENABLE_OBJC_WEAK = YES;
				CLANG_WARN_BLOCK_CAPTURE_AUTORELEASING = YES;
				CLANG_WARN_BOOL_CONVERSION = YES;
				CLANG_WARN_COMMA = YES;
				CLANG_WARN_CONSTANT_CONVERSION = YES;
				CLANG_WARN_DEPRECATED_OBJC_IMPLEMENTATIONS = YES;
				CLANG_WARN_DIRECT_OBJC_ISA_USAGE = YES_ERROR;
				CLANG_WARN_DOCUMENTATION_COMMENTS = YES;
				CLANG_WARN_EMPTY_BODY = YES;
				CLANG_WARN_ENUM_CONVERSION = YES;
				CLANG_WARN_INFINITE_RECURSION = YES;
				CLANG_WARN_INT_CONVERSION = YES;
				CLANG_WARN_NON_LITERAL_NULL_CONVERSION = YES;
				CLANG_WARN_OBJC_IMPLICIT_RETAIN_SELF = YES;
				CLANG_WARN_OBJC_LITERAL_CONVERSION = YES;
				CLANG_WARN_OBJC_ROOT_CLASS = YES_ERROR;
				CLANG_WARN_QUOTED_INCLUDE_IN_FRAMEWORK_HEADER = YES;
				CLANG_WARN_RANGE_LOOP_ANALYSIS = YES;
				CLANG_WARN_STRICT_PROTOTYPES = YES;
				CLANG_WARN_SUSPICIOUS_MOVE = YES;
				CLANG_WARN_UNGUARDED_AVAILABILITY = YES_AGGRESSIVE;
				CLANG_WARN_UNREACHABLE_CODE = YES;
				CLANG_WARN__DUPLICATE_METHOD_MATCH = YES;
				COPY_PHASE_STRIP = NO;
				DEBUG_INFORMATION_FORMAT = dwarf;
				ENABLE_STRICT_OBJC_MSGSEND = YES;
				ENABLE_TESTABILITY = YES;
				GCC_C_LANGUAGE_STANDARD = gnu11;
				GCC_DYNAMIC_NO_PIC = NO;
				GCC_NO_COMMON_BLOCKS = YES;
				GCC_OPTIMIZATION_LEVEL = 0;
				GCC_PREPROCESSOR_DEFINITIONS = (
					"DEBUG=1",
					"$(inherited)",
				);
				GCC_WARN_64_TO_32_BIT_CONVERSION = YES;
				GCC_WARN_ABOUT_RETURN_TYPE = YES_ERROR;
				GCC_WARN_UNDECLARED_SELECTOR = YES;
				GCC_WARN_UNINITIALIZED_AUTOS = YES_AGGRESSIVE;
				GCC_WARN_UNUSED_FUNCTION = YES;
				GCC_WARN_UNUSED_VARIABLE = YES;
				IPHONEOS_DEPLOYMENT_TARGET = 14.5;
				MTL_ENABLE_DEBUG_INFO = INCLUDE_SOURCE;
				MTL_FAST_MATH = YES;
				ONLY_ACTIVE_ARCH = YES;
				SDKROOT = iphoneos;
				SWIFT_ACTIVE_COMPILATION_CONDITIONS = DEBUG;
				SWIFT_OPTIMIZATION_LEVEL = "-Onone";
			};
			name = Debug;
		};
		7096CAA126E6D44500F8D720 /* Release */ = {
			isa = XCBuildConfiguration;
			buildSettings = {
				ALWAYS_SEARCH_USER_PATHS = NO;
				CLANG_ANALYZER_NONNULL = YES;
				CLANG_ANALYZER_NUMBER_OBJECT_CONVERSION = YES_AGGRESSIVE;
				CLANG_CXX_LANGUAGE_STANDARD = "gnu++14";
				CLANG_CXX_LIBRARY = "libc++";
				CLANG_ENABLE_MODULES = YES;
				CLANG_ENABLE_OBJC_ARC = YES;
				CLANG_ENABLE_OBJC_WEAK = YES;
				CLANG_WARN_BLOCK_CAPTURE_AUTORELEASING = YES;
				CLANG_WARN_BOOL_CONVERSION = YES;
				CLANG_WARN_COMMA = YES;
				CLANG_WARN_CONSTANT_CONVERSION = YES;
				CLANG_WARN_DEPRECATED_OBJC_IMPLEMENTATIONS = YES;
				CLANG_WARN_DIRECT_OBJC_ISA_USAGE = YES_ERROR;
				CLANG_WARN_DOCUMENTATION_COMMENTS = YES;
				CLANG_WARN_EMPTY_BODY = YES;
				CLANG_WARN_ENUM_CONVERSION = YES;
				CLANG_WARN_INFINITE_RECURSION = YES;
				CLANG_WARN_INT_CONVERSION = YES;
				CLANG_WARN_NON_LITERAL_NULL_CONVERSION = YES;
				CLANG_WARN_OBJC_IMPLICIT_RETAIN_SELF = YES;
				CLANG_WARN_OBJC_LITERAL_CONVERSION = YES;
				CLANG_WARN_OBJC_ROOT_CLASS = YES_ERROR;
				CLANG_WARN_QUOTED_INCLUDE_IN_FRAMEWORK_HEADER = YES;
				CLANG_WARN_RANGE_LOOP_ANALYSIS = YES;
				CLANG_WARN_STRICT_PROTOTYPES = YES;
				CLANG_WARN_SUSPICIOUS_MOVE = YES;
				CLANG_WARN_UNGUARDED_AVAILABILITY = YES_AGGRESSIVE;
				CLANG_WARN_UNREACHABLE_CODE = YES;
				CLANG_WARN__DUPLICATE_METHOD_MATCH = YES;
				COPY_PHASE_STRIP = NO;
				DEBUG_INFORMATION_FORMAT = "dwarf-with-dsym";
				ENABLE_NS_ASSERTIONS = NO;
				ENABLE_STRICT_OBJC_MSGSEND = YES;
				GCC_C_LANGUAGE_STANDARD = gnu11;
				GCC_NO_COMMON_BLOCKS = YES;
				GCC_WARN_64_TO_32_BIT_CONVERSION = YES;
				GCC_WARN_ABOUT_RETURN_TYPE = YES_ERROR;
				GCC_WARN_UNDECLARED_SELECTOR = YES;
				GCC_WARN_UNINITIALIZED_AUTOS = YES_AGGRESSIVE;
				GCC_WARN_UNUSED_FUNCTION = YES;
				GCC_WARN_UNUSED_VARIABLE = YES;
				IPHONEOS_DEPLOYMENT_TARGET = 14.5;
				MTL_ENABLE_DEBUG_INFO = NO;
				MTL_FAST_MATH = YES;
				SDKROOT = iphoneos;
				SWIFT_COMPILATION_MODE = wholemodule;
				SWIFT_OPTIMIZATION_LEVEL = "-O";
				VALIDATE_PRODUCT = YES;
			};
			name = Release;
		};
		7096CAA326E6D44500F8D720 /* Debug */ = {
			isa = XCBuildConfiguration;
			buildSettings = {
				ASSETCATALOG_COMPILER_APPICON_NAME = AppIcon;
				ASSETCATALOG_COMPILER_GLOBAL_ACCENT_COLOR_NAME = AccentColor;
				CODE_SIGN_STYLE = Automatic;
				INFOPLIST_FILE = Flix/Info.plist;
				LD_RUNPATH_SEARCH_PATHS = (
					"$(inherited)",
					"@executable_path/Frameworks",
				);
				PRODUCT_BUNDLE_IDENTIFIER = Alec.Flix;
				PRODUCT_NAME = "$(TARGET_NAME)";
				SWIFT_VERSION = 5.0;
				TARGETED_DEVICE_FAMILY = "1,2";
			};
			name = Debug;
		};
		7096CAA426E6D44500F8D720 /* Release */ = {
			isa = XCBuildConfiguration;
			buildSettings = {
				ASSETCATALOG_COMPILER_APPICON_NAME = AppIcon;
				ASSETCATALOG_COMPILER_GLOBAL_ACCENT_COLOR_NAME = AccentColor;
				CODE_SIGN_STYLE = Automatic;
				INFOPLIST_FILE = Flix/Info.plist;
				LD_RUNPATH_SEARCH_PATHS = (
					"$(inherited)",
					"@executable_path/Frameworks",
				);
				PRODUCT_BUNDLE_IDENTIFIER = Alec.Flix;
				PRODUCT_NAME = "$(TARGET_NAME)";
				SWIFT_VERSION = 5.0;
				TARGETED_DEVICE_FAMILY = "1,2";
			};
			name = Release;
		};
		7096CAA626E6D44500F8D720 /* Debug */ = {
			isa = XCBuildConfiguration;
			buildSettings = {
				ALWAYS_EMBED_SWIFT_STANDARD_LIBRARIES = YES;
				BUNDLE_LOADER = "$(TEST_HOST)";
				CODE_SIGN_STYLE = Automatic;
				INFOPLIST_FILE = FlixTests/Info.plist;
				IPHONEOS_DEPLOYMENT_TARGET = 14.5;
				LD_RUNPATH_SEARCH_PATHS = (
					"$(inherited)",
					"@executable_path/Frameworks",
					"@loader_path/Frameworks",
				);
				PRODUCT_BUNDLE_IDENTIFIER = Alec.FlixTests;
				PRODUCT_NAME = "$(TARGET_NAME)";
				SWIFT_VERSION = 5.0;
				TARGETED_DEVICE_FAMILY = "1,2";
				TEST_HOST = "$(BUILT_PRODUCTS_DIR)/Flix.app/Flix";
			};
			name = Debug;
		};
		7096CAA726E6D44500F8D720 /* Release */ = {
			isa = XCBuildConfiguration;
			buildSettings = {
				ALWAYS_EMBED_SWIFT_STANDARD_LIBRARIES = YES;
				BUNDLE_LOADER = "$(TEST_HOST)";
				CODE_SIGN_STYLE = Automatic;
				INFOPLIST_FILE = FlixTests/Info.plist;
				IPHONEOS_DEPLOYMENT_TARGET = 14.5;
				LD_RUNPATH_SEARCH_PATHS = (
					"$(inherited)",
					"@executable_path/Frameworks",
					"@loader_path/Frameworks",
				);
				PRODUCT_BUNDLE_IDENTIFIER = Alec.FlixTests;
				PRODUCT_NAME = "$(TARGET_NAME)";
				SWIFT_VERSION = 5.0;
				TARGETED_DEVICE_FAMILY = "1,2";
				TEST_HOST = "$(BUILT_PRODUCTS_DIR)/Flix.app/Flix";
			};
			name = Release;
		};
		7096CAA926E6D44500F8D720 /* Debug */ = {
			isa = XCBuildConfiguration;
			buildSettings = {
				ALWAYS_EMBED_SWIFT_STANDARD_LIBRARIES = YES;
				CODE_SIGN_STYLE = Automatic;
				INFOPLIST_FILE = FlixUITests/Info.plist;
				LD_RUNPATH_SEARCH_PATHS = (
					"$(inherited)",
					"@executable_path/Frameworks",
					"@loader_path/Frameworks",
				);
				PRODUCT_BUNDLE_IDENTIFIER = Alec.FlixUITests;
				PRODUCT_NAME = "$(TARGET_NAME)";
				SWIFT_VERSION = 5.0;
				TARGETED_DEVICE_FAMILY = "1,2";
				TEST_TARGET_NAME = Flix;
			};
			name = Debug;
		};
		7096CAAA26E6D44500F8D720 /* Release */ = {
			isa = XCBuildConfiguration;
			buildSettings = {
				ALWAYS_EMBED_SWIFT_STANDARD_LIBRARIES = YES;
				CODE_SIGN_STYLE = Automatic;
				INFOPLIST_FILE = FlixUITests/Info.plist;
				LD_RUNPATH_SEARCH_PATHS = (
					"$(inherited)",
					"@executable_path/Frameworks",
					"@loader_path/Frameworks",
				);
				PRODUCT_BUNDLE_IDENTIFIER = Alec.FlixUITests;
				PRODUCT_NAME = "$(TARGET_NAME)";
				SWIFT_VERSION = 5.0;
				TARGETED_DEVICE_FAMILY = "1,2";
				TEST_TARGET_NAME = Flix;
			};
			name = Release;
		};
/* End XCBuildConfiguration section */

/* Begin XCConfigurationList section */
		7096CA7326E6D44400F8D720 /* Build configuration list for PBXProject "Flix" */ = {
			isa = XCConfigurationList;
			buildConfigurations = (
				7096CAA026E6D44500F8D720 /* Debug */,
				7096CAA126E6D44500F8D720 /* Release */,
			);
			defaultConfigurationIsVisible = 0;
			defaultConfigurationName = Release;
		};
		7096CAA226E6D44500F8D720 /* Build configuration list for PBXNativeTarget "Flix" */ = {
			isa = XCConfigurationList;
			buildConfigurations = (
				7096CAA326E6D44500F8D720 /* Debug */,
				7096CAA426E6D44500F8D720 /* Release */,
			);
			defaultConfigurationIsVisible = 0;
			defaultConfigurationName = Release;
		};
		7096CAA526E6D44500F8D720 /* Build configuration list for PBXNativeTarget "FlixTests" */ = {
			isa = XCConfigurationList;
			buildConfigurations = (
				7096CAA626E6D44500F8D720 /* Debug */,
				7096CAA726E6D44500F8D720 /* Release */,
			);
			defaultConfigurationIsVisible = 0;
			defaultConfigurationName = Release;
		};
		7096CAA826E6D44500F8D720 /* Build configuration list for PBXNativeTarget "FlixUITests" */ = {
			isa = XCConfigurationList;
			buildConfigurations = (
				7096CAA926E6D44500F8D720 /* Debug */,
				7096CAAA26E6D44500F8D720 /* Release */,
			);
			defaultConfigurationIsVisible = 0;
			defaultConfigurationName = Release;
		};
/* End XCConfigurationList section */
	};
	rootObject = 7096CA7026E6D44400F8D720 /* Project object */;
}
